
Microsoft Visual Studio Solution File, Format Version 12.00
# Visual Studio Version 16
VisualStudioVersion = 16.0.30907.101
MinimumVisualStudioVersion = 10.0.40219.1
Project("{888888A0-9F3D-457C-B088-3A5042F75D52}") = "Thread Shed", "Thread Shed\Thread Shed.pyproj", "{16A4F392-0601-4E57-8A07-545997022066}"
EndProject
Global
	GlobalSection(SolutionConfigurationPlatforms) = preSolution
		Debug|Any CPU = Debug|Any CPU
		Release|Any CPU = Release|Any CPU
	EndGlobalSection
	GlobalSection(ProjectConfigurationPlatforms) = postSolution
		{16A4F392-0601-4E57-8A07-545997022066}.Debug|Any CPU.ActiveCfg = Debug|Any CPU
		{16A4F392-0601-4E57-8A07-545997022066}.Release|Any CPU.ActiveCfg = Release|Any CPU
	EndGlobalSection
	GlobalSection(SolutionProperties) = preSolution
		HideSolutionNode = FALSE
	EndGlobalSection
	GlobalSection(ExtensibilityGlobals) = postSolution
		SolutionGuid = {ACFBE71D-B4CD-424D-B445-B9F6F7416277}
	EndGlobalSection
EndGlobal
